{
  "originHash" : "fa2c8448e8c7023d2e3bc20e66328203391244316d419133435368d57cd5233e",
  "pins" : [
    {
      "identity" : "actr-protocols-swift",
      "kind" : "remoteSourceControl",
      "location" : "https://github.com/actor-rtc/actr-protocols-swift.git",
      "state" : {
        "revision" : "5956e5b7445fec80ffce3ef4feb729f5ab08567e",
        "version" : "0.1.0"
      }
    },
    {
      "identity" : "swift-protobuf",
      "kind" : "remoteSourceControl",
      "location" : "https://github.com/apple/swift-protobuf.git",
      "state" : {
        "revision" : "c169a5744230951031770e27e475ff6eefe51f9d",
        "version" : "1.33.3"
      }
    }
  ],
  "version" : 3
}
